// !$*UTF8*$!
{
	archiveVersion = 1;
	classes = {
	};
	objectVersion = 50;
	objects = {

/* Begin PBXBuildFile section */
		33E2D7D9263BA27F00EBD47A /* main.m in Sources */ = {isa = PBXBuildFile; fileRef = 33E2D7D8263BA27F00EBD47A /* main.m */; };
		33E2D7E1263BA30000EBD47A /* LNCommad.m in Sources */ = {isa = PBXBuildFile; fileRef = 33E2D7E0263BA30000EBD47A /* LNCommad.m */; };
		33E2D7E4263BA88800EBD47A /* LNClassDump.m in Sources */ = {isa = PBXBuildFile; fileRef = 33E2D7E3263BA88800EBD47A /* LNClassDump.m */; };
/* End PBXBuildFile section */

/* Begin PBXCopyFilesBuildPhase section */
		33E2D7D3263BA27F00EBD47A /* CopyFiles */ = {
			isa = PBXCopyFilesBuildPhase;
			buildActionMask = 2147483647;
			dstPath = /usr/share/man/man1/;
			dstSubfolderSpec = 0;
			files = (
			);
			runOnlyForDeploymentPostprocessing = 1;
		};
/* End PBXCopyFilesBuildPhase section */

/* Begin PBXFileReference section */
		33E2D7D5263BA27F00EBD47A /* class-dump-folder */ = {isa = PBXFileReference; explicitFileType = "compiled.mach-o.executable"; includeInIndex = 0; path = "class-dump-folder"; sourceTree = BUILT_PRODUCTS_DIR; };
		33E2D7D8263BA27F00EBD47A /* main.m */ = {isa = PBXFileReference; lastKnownFileType = sourcecode.c.objc; path = main.m; sourceTree = "<group>"; };
		33E2D7DF263BA30000EBD47A /* LNCommad.h */ = {isa = PBXFileReference; lastKnownFileType = sourcecode.c.h; path = LNCommad.h; sourceTree = "<group>"; };
		33E2D7E0263BA30000EBD47A /* LNCommad.m */ = {isa = PBXFileReference; lastKnownFileType = sourcecode.c.objc; path = LNCommad.m; sourceTree = "<group>"; };
		33E2D7E2263BA88800EBD47A /* LNClassDump.h */ = {isa = PBXFileReference; lastKnownFileType = sourcecode.c.h; path = LNClassDump.h; sourceTree = "<group>"; };
		33E2D7E3263BA88800EBD47A /* LNClassDump.m */ = {isa = PBXFileReference; lastKnownFileType = sourcecode.c.objc; path = LNClassDump.m; sourceTree = "<group>"; };
/* End PBXFileReference section */

/* Begin PBXFrameworksBuildPhase section */
		33E2D7D2263BA27F00EBD47A /* Frameworks */ = {
			isa = PBXFrameworksBuildPhase;
			buildActionMask = 2147483647;
			files = (
			);
			runOnlyForDeploymentPostprocessing = 0;
		};
/* End PBXFrameworksBuildPhase section */

/* Begin PBXGroup section */
		33E2D7CC263BA27F00EBD47A = {
			isa = PBXGroup;
			children = (
				33E2D7D7263BA27F00EBD47A /* LNClassDump */,
				33E2D7D6263BA27F00EBD47A /* Products */,
			);
			sourceTree = "<group>";
		};
		33E2D7D6263BA27F00EBD47A /* Products */ = {
			isa = PBXGroup;
			children = (
				33E2D7D5263BA27F00EBD47A /* class-dump-folder */,
			);
			name = Products;
			sourceTree = "<group>";
		};
		33E2D7D7263BA27F00EBD47A /* LNClassDump */ = {
			isa = PBXGroup;
			children = (
				33E2D7D8263BA27F00EBD47A /* main.m */,
				33E2D7DF263BA30000EBD47A /* LNCommad.h */,
				33E2D7E0263BA30000EBD47A /* LNCommad.m */,
				33E2D7E2263BA88800EBD47A /* LNClassDump.h */,
				33E2D7E3263BA88800EBD47A /* LNClassDump.m */,
			);
			path = LNClassDump;
			sourceTree = "<group>";
		};
/* End PBXGroup section */

/* Begin PBXNativeTarget section */
		33E2D7D4263BA27F00EBD47A /* LNClassDump */ = {
			isa = PBXNativeTarget;
			buildConfigurationList = 33E2D7DC263BA27F00EBD47A /* Build configuration list for PBXNativeTarget "LNClassDump" */;
			buildPhases = (
				33E2D7D1263BA27F00EBD47A /* Sources */,
				33E2D7D2263BA27F00EBD47A /* Frameworks */,
				33E2D7D3263BA27F00EBD47A /* CopyFiles */,
			);
			buildRules = (
			);
			dependencies = (
			);
			name = LNClassDump;
			productName = LNClassDump;
			productReference = 33E2D7D5263BA27F00EBD47A /* class-dump-folder */;
			productType = "com.apple.product-type.tool";
		};
/* End PBXNativeTarget section */

/* Begin PBXProject section */
		33E2D7CD263BA27F00EBD47A /* Project object */ = {
			isa = PBXProject;
			attributes = {
				LastUpgradeCheck = 1250;
				TargetAttributes = {
					33E2D7D4263BA27F00EBD47A = {
						CreatedOnToolsVersion = 12.5;
					};
				};
			};
			buildConfigurationList = 33E2D7D0263BA27F00EBD47A /* Build configuration list for PBXProject "LNClassDump" */;
			compatibilityVersion = "Xcode 9.3";
			developmentRegion = en;
			hasScannedForEncodings = 0;
			knownRegions = (
				en,
				Base,
			);
			mainGroup = 33E2D7CC263BA27F00EBD47A;
			productRefGroup = 33E2D7D6263BA27F00EBD47A /* Products */;
			projectDirPath = "";
			projectRoot = "";
			targets = (
				33E2D7D4263BA27F00EBD47A /* LNClassDump */,
			);
		};
/* End PBXProject section */

/* Begin PBXSourcesBuildPhase section */
		33E2D7D1263BA27F00EBD47A /* Sources */ = {
			isa = PBXSourcesBuildPhase;
			buildActionMask = 2147483647;
			files = (
				33E2D7E1263BA30000EBD47A /* LNCommad.m in Sources */,
				33E2D7D9263BA27F00EBD47A /* main.m in Sources */,
				33E2D7E4263BA88800EBD47A /* LNClassDump.m in Sources */,
			);
			runOnlyForDeploymentPostprocessing = 0;
		};
/* End PBXSourcesBuildPhase section */

/* Begin XCBuildConfiguration section */
		33E2D7DA263BA27F00EBD47A /* Debug */ = {
			isa = XCBuildConfiguration;
			buildSettings = {
				ALWAYS_SEARCH_USER_PATHS = NO;
				CLANG_ANALYZER_NONNULL = YES;
				CLANG_ANALYZER_NUMBER_OBJECT_CONVERSION = YES_AGGRESSIVE;
				CLANG_CXX_LANGUAGE_STANDARD = "gnu++14";
				CLANG_CXX_LIBRARY = "libc++";
				CLANG_ENABLE_MODULES = YES;
				CLANG_ENABLE_OBJC_ARC = YES;
				CLANG_ENABLE_OBJC_WEAK = YES;
				CLANG_WARN_BLOCK_CAPTURE_AUTORELEASING = YES;
				CLANG_WARN_BOOL_CONVERSION = YES;
				CLANG_WARN_COMMA = YES;
				CLANG_WARN_CONSTANT_CONVERSION = YES;
				CLANG_WARN_DEPRECATED_OBJC_IMPLEMENTATIONS = YES;
				CLANG_WARN_DIRECT_OBJC_ISA_USAGE = YES_ERROR;
				CLANG_WARN_DOCUMENTATION_COMMENTS = YES;
				CLANG_WARN_EMPTY_BODY = YES;
				CLANG_WARN_ENUM_CONVERSION = YES;
				CLANG_WARN_INFINITE_RECURSION = YES;
				CLANG_WARN_INT_CONVERSION = YES;
				CLANG_WARN_NON_LITERAL_NULL_CONVERSION = YES;
				CLANG_WARN_OBJC_IMPLICIT_RETAIN_SELF = YES;
				CLANG_WARN_OBJC_LITERAL_CONVERSION = YES;
				CLANG_WARN_OBJC_ROOT_CLASS = YES_ERROR;
				CLANG_WARN_QUOTED_INCLUDE_IN_FRAMEWORK_HEADER = YES;
				CLANG_WARN_RANGE_LOOP_ANALYSIS = YES;
				CLANG_WARN_STRICT_PROTOTYPES = YES;
				CLANG_WARN_SUSPICIOUS_MOVE = YES;
				CLANG_WARN_UNGUARDED_AVAILABILITY = YES_AGGRESSIVE;
				CLANG_WARN_UNREACHABLE_CODE = YES;
				CLANG_WARN__DUPLICATE_METHOD_MATCH = YES;
				COPY_PHASE_STRIP = NO;
				DEBUG_INFORMATION_FORMAT = dwarf;
				ENABLE_STRICT_OBJC_MSGSEND = YES;
				ENABLE_TESTABILITY = YES;
				GCC_C_LANGUAGE_STANDARD = gnu11;
				GCC_DYNAMIC_NO_PIC = NO;
				GCC_NO_COMMON_BLOCKS = YES;
				GCC_OPTIMIZATION_LEVEL = 0;
				GCC_PREPROCESSOR_DEFINITIONS = (
					"DEBUG=1",
					"$(inherited)",
				);
				GCC_WARN_64_TO_32_BIT_CONVERSION = YES;
				GCC_WARN_ABOUT_RETURN_TYPE = YES_ERROR;
				GCC_WARN_UNDECLARED_SELECTOR = YES;
				GCC_WARN_UNINITIALIZED_AUTOS = YES_AGGRESSIVE;
				GCC_WARN_UNUSED_FUNCTION = YES;
				GCC_WARN_UNUSED_VARIABLE = YES;
				MACOSX_DEPLOYMENT_TARGET = 11.2;
				MTL_ENABLE_DEBUG_INFO = INCLUDE_SOURCE;
				MTL_FAST_MATH = YES;
				ONLY_ACTIVE_ARCH = YES;
				SDKROOT = macosx;
			};
			name = Debug;
		};
		33E2D7DB263BA27F00EBD47A /* Release */ = {
			isa = XCBuildConfiguration;
			buildSettings = {
				ALWAYS_SEARCH_USER_PATHS = NO;
				CLANG_ANALYZER_NONNULL = YES;
				CLANG_ANALYZER_NUMBER_OBJECT_CONVERSION = YES_AGGRESSIVE;
				CLANG_CXX_LANGUAGE_STANDARD = "gnu++14";
				CLANG_CXX_LIBRARY = "libc++";
				CLANG_ENABLE_MODULES = YES;
				CLANG_ENABLE_OBJC_ARC = YES;
				CLANG_ENABLE_OBJC_WEAK = YES;
				CLANG_WARN_BLOCK_CAPTURE_AUTORELEASING = YES;
				CLANG_WARN_BOOL_CONVERSION = YES;
				CLANG_WARN_COMMA = YES;
				CLANG_WARN_CONSTANT_CONVERSION = YES;
				CLANG_WARN_DEPRECATED_OBJC_IMPLEMENTATIONS = YES;
				CLANG_WARN_DIRECT_OBJC_ISA_USAGE = YES_ERROR;
				CLANG_WARN_DOCUMENTATION_COMMENTS = YES;
				CLANG_WARN_EMPTY_BODY = YES;
				CLANG_WARN_ENUM_CONVERSION = YES;
				CLANG_WARN_INFINITE_RECURSION = YES;
				CLANG_WARN_INT_CONVERSION = YES;
				CLANG_WARN_NON_LITERAL_NULL_CONVERSION = YES;
				CLANG_WARN_OBJC_IMPLICIT_RETAIN_SELF = YES;
				CLANG_WARN_OBJC_LITERAL_CONVERSION = YES;
				CLANG_WARN_OBJC_ROOT_CLASS = YES_ERROR;
				CLANG_WARN_QUOTED_INCLUDE_IN_FRAMEWORK_HEADER = YES;
				CLANG_WARN_RANGE_LOOP_ANALYSIS = YES;
				CLANG_WARN_STRICT_PROTOTYPES = YES;
				CLANG_WARN_SUSPICIOUS_MOVE = YES;
				CLANG_WARN_UNGUARDED_AVAILABILITY = YES_AGGRESSIVE;
				CLANG_WARN_UNREACHABLE_CODE = YES;
				CLANG_WARN__DUPLICATE_METHOD_MATCH = YES;
				COPY_PHASE_STRIP = NO;
				DEBUG_INFORMATION_FORMAT = "dwarf-with-dsym";
				ENABLE_NS_ASSERTIONS = NO;
				ENABLE_STRICT_OBJC_MSGSEND = YES;
				GCC_C_LANGUAGE_STANDARD = gnu11;
				GCC_NO_COMMON_BLOCKS = YES;
				GCC_WARN_64_TO_32_BIT_CONVERSION = YES;
				GCC_WARN_ABOUT_RETURN_TYPE = YES_ERROR;
				GCC_WARN_UNDECLARED_SELECTOR = YES;
				GCC_WARN_UNINITIALIZED_AUTOS = YES_AGGRESSIVE;
				GCC_WARN_UNUSED_FUNCTION = YES;
				GCC_WARN_UNUSED_VARIABLE = YES;
				MACOSX_DEPLOYMENT_TARGET = 11.2;
				MTL_ENABLE_DEBUG_INFO = NO;
				MTL_FAST_MATH = YES;
				SDKROOT = macosx;
			};
			name = Release;
		};
		33E2D7DD263BA27F00EBD47A /* Debug */ = {
			isa = XCBuildConfiguration;
			buildSettings = {
				CODE_SIGN_STYLE = Automatic;
				DEVELOPMENT_TEAM = A5VC72964Y;
				ENABLE_HARDENED_RUNTIME = YES;
				PRODUCT_NAME = "class-dump-folder";
			};
			name = Debug;
		};
		33E2D7DE263BA27F00EBD47A /* Release */ = {
			isa = XCBuildConfiguration;
			buildSettings = {
				CODE_SIGN_STYLE = Automatic;
				DEVELOPMENT_TEAM = A5VC72964Y;
				ENABLE_HARDENED_RUNTIME = YES;
				PRODUCT_NAME = "class-dump-folder";
			};
			name = Release;
		};
/* End XCBuildConfiguration section */

/* Begin XCConfigurationList section */
		33E2D7D0263BA27F00EBD47A /* Build configuration list for PBXProject "LNClassDump" */ = {
			isa = XCConfigurationList;
			buildConfigurations = (
				33E2D7DA263BA27F00EBD47A /* Debug */,
				33E2D7DB263BA27F00EBD47A /* Release */,
			);
			defaultConfigurationIsVisible = 0;
			defaultConfigurationName = Release;
		};
		33E2D7DC263BA27F00EBD47A /* Build configuration list for PBXNativeTarget "LNClassDump" */ = {
			isa = XCConfigurationList;
			buildConfigurations = (
				33E2D7DD263BA27F00EBD47A /* Debug */,
				33E2D7DE263BA27F00EBD47A /* Release */,
			);
			defaultConfigurationIsVisible = 0;
			defaultConfigurationName = Release;
		};
/* End XCConfigurationList section */
	};
	rootObject = 33E2D7CD263BA27F00EBD47A /* Project object */;
}
